
Microsoft Visual Studio Solution File, Format Version 12.00
Project("{FAE04EC0-301F-11D3-BF4B-00C04F79EFBC}") = "WikipediaScraperExercise", "WikipediaScraperExercise\WikipediaScraperExercise.csproj", "{AAD19E6A-5E0D-4587-BF32-CE49E0E28A17}"
EndProject
Global
	GlobalSection(SolutionConfigurationPlatforms) = preSolution
		Debug|Any CPU = Debug|Any CPU
		Release|Any CPU = Release|Any CPU
	EndGlobalSection
	GlobalSection(ProjectConfigurationPlatforms) = postSolution
		{AAD19E6A-5E0D-4587-BF32-CE49E0E28A17}.Debug|Any CPU.ActiveCfg = Debug|Any CPU
		{AAD19E6A-5E0D-4587-BF32-CE49E0E28A17}.Debug|Any CPU.Build.0 = Debug|Any CPU
		{AAD19E6A-5E0D-4587-BF32-CE49E0E28A17}.Release|Any CPU.ActiveCfg = Release|Any CPU
		{AAD19E6A-5E0D-4587-BF32-CE49E0E28A17}.Release|Any CPU.Build.0 = Release|Any CPU
	EndGlobalSection
EndGlobal
